
Microsoft Visual Studio Solution File, Format Version 12.00
# Visual Studio Version 17
VisualStudioVersion = 17.9.34622.214
MinimumVisualStudioVersion = 10.0.40219.1
Project("{9A19103F-16F7-4668-BE54-9A1E7A4F7556}") = "Anecrypt.Avalonia", "Anecrypt.Avalonia\Anecrypt.Avalonia.csproj", "{7284C977-5187-41E5-8065-03242F43BA29}"
EndProject
Project("{9A19103F-16F7-4668-BE54-9A1E7A4F7556}") = "Anecrypt.Core", "Anecrypt.Core\Anecrypt.Core.csproj", "{F5BE3739-A6D8-4FCA-8096-F1993E1CEE22}"
EndProject
Global
	GlobalSection(SolutionConfigurationPlatforms) = preSolution
		Debug|Any CPU = Debug|Any CPU
		Release|Any CPU = Release|Any CPU
	EndGlobalSection
	GlobalSection(ProjectConfigurationPlatforms) = postSolution
		{7284C977-5187-41E5-8065-03242F43BA29}.Debug|Any CPU.ActiveCfg = Debug|Any CPU
		{7284C977-5187-41E5-8065-03242F43BA29}.Debug|Any CPU.Build.0 = Debug|Any CPU
		{7284C977-5187-41E5-8065-03242F43BA29}.Release|Any CPU.ActiveCfg = Release|Any CPU
		{7284C977-5187-41E5-8065-03242F43BA29}.Release|Any CPU.Build.0 = Release|Any CPU
		{F5BE3739-A6D8-4FCA-8096-F1993E1CEE22}.Debug|Any CPU.ActiveCfg = Debug|Any CPU
		{F5BE3739-A6D8-4FCA-8096-F1993E1CEE22}.Debug|Any CPU.Build.0 = Debug|Any CPU
		{F5BE3739-A6D8-4FCA-8096-F1993E1CEE22}.Release|Any CPU.ActiveCfg = Release|Any CPU
		{F5BE3739-A6D8-4FCA-8096-F1993E1CEE22}.Release|Any CPU.Build.0 = Release|Any CPU
	EndGlobalSection
	GlobalSection(SolutionProperties) = preSolution
		HideSolutionNode = FALSE
	EndGlobalSection
	GlobalSection(ExtensibilityGlobals) = postSolution
		SolutionGuid = {FA1AEB4B-579B-4EAB-BF48-8EF8749351D7}
	EndGlobalSection
EndGlobal
